
Microsoft Visual Studio Solution File, Format Version 12.00
# Visual Studio Version 17
VisualStudioVersion = 17.0.31903.59
MinimumVisualStudioVersion = 10.0.40219.1
Project("{FAE04EC0-301F-11D3-BF4B-00C04F79EFBC}") = "MergeStringsAlternately", "MergeStringsAlternately\MergeStringsAlternately.csproj", "{291F5D51-EB50-4786-93F1-A5A416F3EB6A}"
EndProject
Project("{FAE04EC0-301F-11D3-BF4B-00C04F79EFBC}") = "ReverseVowels", "ReverseVowels\ReverseVowels.csproj", "{977D26C7-064D-43A6-84EC-F9BB74772920}"
EndProject
Project("{FAE04EC0-301F-11D3-BF4B-00C04F79EFBC}") = "CanPlaceFlowers", "CanPlaceFlowers\CanPlaceFlowers.csproj", "{345A52A2-CE77-4328-A0FA-61701914616B}"
EndProject
Global
	GlobalSection(SolutionConfigurationPlatforms) = preSolution
		Debug|Any CPU = Debug|Any CPU
		Release|Any CPU = Release|Any CPU
	EndGlobalSection
	GlobalSection(SolutionProperties) = preSolution
		HideSolutionNode = FALSE
	EndGlobalSection
	GlobalSection(ProjectConfigurationPlatforms) = postSolution
		{291F5D51-EB50-4786-93F1-A5A416F3EB6A}.Debug|Any CPU.ActiveCfg = Debug|Any CPU
		{291F5D51-EB50-4786-93F1-A5A416F3EB6A}.Debug|Any CPU.Build.0 = Debug|Any CPU
		{291F5D51-EB50-4786-93F1-A5A416F3EB6A}.Release|Any CPU.ActiveCfg = Release|Any CPU
		{291F5D51-EB50-4786-93F1-A5A416F3EB6A}.Release|Any CPU.Build.0 = Release|Any CPU
		{977D26C7-064D-43A6-84EC-F9BB74772920}.Debug|Any CPU.ActiveCfg = Debug|Any CPU
		{977D26C7-064D-43A6-84EC-F9BB74772920}.Debug|Any CPU.Build.0 = Debug|Any CPU
		{977D26C7-064D-43A6-84EC-F9BB74772920}.Release|Any CPU.ActiveCfg = Release|Any CPU
		{977D26C7-064D-43A6-84EC-F9BB74772920}.Release|Any CPU.Build.0 = Release|Any CPU
		{345A52A2-CE77-4328-A0FA-61701914616B}.Debug|Any CPU.ActiveCfg = Debug|Any CPU
		{345A52A2-CE77-4328-A0FA-61701914616B}.Debug|Any CPU.Build.0 = Debug|Any CPU
		{345A52A2-CE77-4328-A0FA-61701914616B}.Release|Any CPU.ActiveCfg = Release|Any CPU
		{345A52A2-CE77-4328-A0FA-61701914616B}.Release|Any CPU.Build.0 = Release|Any CPU
	EndGlobalSection
EndGlobal
